// !$*UTF8*$!
{
	archiveVersion = 1;
	classes = {
	};
	objectVersion = 46;
	objects = {

/* Begin PBXBuildFile section */
		6D4D1D971F709A3600C9B4AF /* AppDelegate.swift in Sources */ = {isa = PBXBuildFile; fileRef = 6D4D1D961F709A3600C9B4AF /* AppDelegate.swift */; };
		6D4D1D991F709A3600C9B4AF /* ViewController.swift in Sources */ = {isa = PBXBuildFile; fileRef = 6D4D1D981F709A3600C9B4AF /* ViewController.swift */; };
		6D4D1D9C1F709A3700C9B4AF /* Main.storyboard in Resources */ = {isa = PBXBuildFile; fileRef = 6D4D1D9A1F709A3700C9B4AF /* Main.storyboard */; };
		6D4D1D9E1F709A3700C9B4AF /* Assets.xcassets in Resources */ = {isa = PBXBuildFile; fileRef = 6D4D1D9D1F709A3700C9B4AF /* Assets.xcassets */; };
		6D4D1DA11F709A3700C9B4AF /* LaunchScreen.storyboard in Resources */ = {isa = PBXBuildFile; fileRef = 6D4D1D9F1F709A3700C9B4AF /* LaunchScreen.storyboard */; };
		6D4D1DAC1F709A3A00C9B4AF /* MJNIndexViewSwiftUITests.swift in Sources */ = {isa = PBXBuildFile; fileRef = 6D4D1DAB1F709A3A00C9B4AF /* MJNIndexViewSwiftUITests.swift */; };
		6D4D1DB81F709AF600C9B4AF /* MJNIndexViewSwift.swift in Sources */ = {isa = PBXBuildFile; fileRef = 6D4D1DB71F709AF600C9B4AF /* MJNIndexViewSwift.swift */; };
/* End PBXBuildFile section */

/* Begin PBXContainerItemProxy section */
		6D4D1DA81F709A3A00C9B4AF /* PBXContainerItemProxy */ = {
			isa = PBXContainerItemProxy;
			containerPortal = 6D4D1D8B1F709A3600C9B4AF /* Project object */;
			proxyType = 1;
			remoteGlobalIDString = 6D4D1D921F709A3600C9B4AF;
			remoteInfo = MJNIndexViewSwift;
		};
/* End PBXContainerItemProxy section */

/* Begin PBXFileReference section */
		6D4D1D931F709A3600C9B4AF /* MJNIndexViewSwift.app */ = {isa = PBXFileReference; explicitFileType = wrapper.application; includeInIndex = 0; path = MJNIndexViewSwift.app; sourceTree = BUILT_PRODUCTS_DIR; };
		6D4D1D961F709A3600C9B4AF /* AppDelegate.swift */ = {isa = PBXFileReference; lastKnownFileType = sourcecode.swift; path = AppDelegate.swift; sourceTree = "<group>"; };
		6D4D1D981F709A3600C9B4AF /* ViewController.swift */ = {isa = PBXFileReference; lastKnownFileType = sourcecode.swift; path = ViewController.swift; sourceTree = "<group>"; };
		6D4D1D9B1F709A3700C9B4AF /* Base */ = {isa = PBXFileReference; lastKnownFileType = file.storyboard; name = Base; path = Base.lproj/Main.storyboard; sourceTree = "<group>"; };
		6D4D1D9D1F709A3700C9B4AF /* Assets.xcassets */ = {isa = PBXFileReference; lastKnownFileType = folder.assetcatalog; path = Assets.xcassets; sourceTree = "<group>"; };
		6D4D1DA01F709A3700C9B4AF /* Base */ = {isa = PBXFileReference; lastKnownFileType = file.storyboard; name = Base; path = Base.lproj/LaunchScreen.storyboard; sourceTree = "<group>"; };
		6D4D1DA21F709A3700C9B4AF /* Info.plist */ = {isa = PBXFileReference; lastKnownFileType = text.plist.xml; path = Info.plist; sourceTree = "<group>"; };
		6D4D1DA71F709A3A00C9B4AF /* MJNIndexViewSwiftUITests.xctest */ = {isa = PBXFileReference; explicitFileType = wrapper.cfbundle; includeInIndex = 0; path = MJNIndexViewSwiftUITests.xctest; sourceTree = BUILT_PRODUCTS_DIR; };
		6D4D1DAB1F709A3A00C9B4AF /* MJNIndexViewSwiftUITests.swift */ = {isa = PBXFileReference; lastKnownFileType = sourcecode.swift; path = MJNIndexViewSwiftUITests.swift; sourceTree = "<group>"; };
		6D4D1DAD1F709A3A00C9B4AF /* Info.plist */ = {isa = PBXFileReference; lastKnownFileType = text.plist.xml; path = Info.plist; sourceTree = "<group>"; };
		6D4D1DB71F709AF600C9B4AF /* MJNIndexViewSwift.swift */ = {isa = PBXFileReference; fileEncoding = 4; lastKnownFileType = sourcecode.swift; path = MJNIndexViewSwift.swift; sourceTree = "<group>"; };
/* End PBXFileReference section */

/* Begin PBXFrameworksBuildPhase section */
		6D4D1D901F709A3600C9B4AF /* Frameworks */ = {
			isa = PBXFrameworksBuildPhase;
			buildActionMask = 2147483647;
			files = (
			);
			runOnlyForDeploymentPostprocessing = 0;
		};
		6D4D1DA41F709A3A00C9B4AF /* Frameworks */ = {
			isa = PBXFrameworksBuildPhase;
			buildActionMask = 2147483647;
			files = (
			);
			runOnlyForDeploymentPostprocessing = 0;
		};
/* End PBXFrameworksBuildPhase section */

/* Begin PBXGroup section */
		6D4D1D8A1F709A3600C9B4AF = {
			isa = PBXGroup;
			children = (
				6D4D1DB61F709AF600C9B4AF /* MJNIndexView */,
				6D4D1D951F709A3600C9B4AF /* MJNIndexViewSwift */,
				6D4D1DAA1F709A3A00C9B4AF /* MJNIndexViewSwiftUITests */,
				6D4D1D941F709A3600C9B4AF /* Products */,
			);
			sourceTree = "<group>";
		};
		6D4D1D941F709A3600C9B4AF /* Products */ = {
			isa = PBXGroup;
			children = (
				6D4D1D931F709A3600C9B4AF /* MJNIndexViewSwift.app */,
				6D4D1DA71F709A3A00C9B4AF /* MJNIndexViewSwiftUITests.xctest */,
			);
			name = Products;
			sourceTree = "<group>";
		};
		6D4D1D951F709A3600C9B4AF /* MJNIndexViewSwift */ = {
			isa = PBXGroup;
			children = (
				6D4D1D961F709A3600C9B4AF /* AppDelegate.swift */,
				6D4D1D981F709A3600C9B4AF /* ViewController.swift */,
				6D4D1D9A1F709A3700C9B4AF /* Main.storyboard */,
				6D4D1D9D1F709A3700C9B4AF /* Assets.xcassets */,
				6D4D1D9F1F709A3700C9B4AF /* LaunchScreen.storyboard */,
				6D4D1DA21F709A3700C9B4AF /* Info.plist */,
			);
			path = MJNIndexViewSwift;
			sourceTree = "<group>";
		};
		6D4D1DAA1F709A3A00C9B4AF /* MJNIndexViewSwiftUITests */ = {
			isa = PBXGroup;
			children = (
				6D4D1DAB1F709A3A00C9B4AF /* MJNIndexViewSwiftUITests.swift */,
				6D4D1DAD1F709A3A00C9B4AF /* Info.plist */,
			);
			path = MJNIndexViewSwiftUITests;
			sourceTree = "<group>";
		};
		6D4D1DB61F709AF600C9B4AF /* MJNIndexView */ = {
			isa = PBXGroup;
			children = (
				6D4D1DB71F709AF600C9B4AF /* MJNIndexViewSwift.swift */,
			);
			path = MJNIndexView;
			sourceTree = "<group>";
		};
/* End PBXGroup section */

/* Begin PBXNativeTarget section */
		6D4D1D921F709A3600C9B4AF /* MJNIndexViewSwift */ = {
			isa = PBXNativeTarget;
			buildConfigurationList = 6D4D1DB01F709A3A00C9B4AF /* Build configuration list for PBXNativeTarget "MJNIndexViewSwift" */;
			buildPhases = (
				6D4D1D8F1F709A3600C9B4AF /* Sources */,
				6D4D1D901F709A3600C9B4AF /* Frameworks */,
				6D4D1D911F709A3600C9B4AF /* Resources */,
			);
			buildRules = (
			);
			dependencies = (
			);
			name = MJNIndexViewSwift;
			productName = MJNIndexViewSwift;
			productReference = 6D4D1D931F709A3600C9B4AF /* MJNIndexViewSwift.app */;
			productType = "com.apple.product-type.application";
		};
		6D4D1DA61F709A3A00C9B4AF /* MJNIndexViewSwiftUITests */ = {
			isa = PBXNativeTarget;
			buildConfigurationList = 6D4D1DB31F709A3A00C9B4AF /* Build configuration list for PBXNativeTarget "MJNIndexViewSwiftUITests" */;
			buildPhases = (
				6D4D1DA31F709A3A00C9B4AF /* Sources */,
				6D4D1DA41F709A3A00C9B4AF /* Frameworks */,
				6D4D1DA51F709A3A00C9B4AF /* Resources */,
			);
			buildRules = (
			);
			dependencies = (
				6D4D1DA91F709A3A00C9B4AF /* PBXTargetDependency */,
			);
			name = MJNIndexViewSwiftUITests;
			productName = MJNIndexViewSwiftUITests;
			productReference = 6D4D1DA71F709A3A00C9B4AF /* MJNIndexViewSwiftUITests.xctest */;
			productType = "com.apple.product-type.bundle.ui-testing";
		};
/* End PBXNativeTarget section */

/* Begin PBXProject section */
		6D4D1D8B1F709A3600C9B4AF /* Project object */ = {
			isa = PBXProject;
			attributes = {
				LastSwiftUpdateCheck = 0830;
				LastUpgradeCheck = 0830;
				ORGANIZATIONNAME = Hosten_lym;
				TargetAttributes = {
					6D4D1D921F709A3600C9B4AF = {
						CreatedOnToolsVersion = 8.3.3;
						DevelopmentTeam = WBAAXLQG52;
						ProvisioningStyle = Automatic;
					};
					6D4D1DA61F709A3A00C9B4AF = {
						CreatedOnToolsVersion = 8.3.3;
						DevelopmentTeam = WBAAXLQG52;
						ProvisioningStyle = Automatic;
						TestTargetID = 6D4D1D921F709A3600C9B4AF;
					};
				};
			};
			buildConfigurationList = 6D4D1D8E1F709A3600C9B4AF /* Build configuration list for PBXProject "MJNIndexViewSwift" */;
			compatibilityVersion = "Xcode 3.2";
			developmentRegion = English;
			hasScannedForEncodings = 0;
			knownRegions = (
				en,
				Base,
			);
			mainGroup = 6D4D1D8A1F709A3600C9B4AF;
			productRefGroup = 6D4D1D941F709A3600C9B4AF /* Products */;
			projectDirPath = "";
			projectRoot = "";
			targets = (
				6D4D1D921F709A3600C9B4AF /* MJNIndexViewSwift */,
				6D4D1DA61F709A3A00C9B4AF /* MJNIndexViewSwiftUITests */,
			);
		};
/* End PBXProject section */

/* Begin PBXResourcesBuildPhase section */
		6D4D1D911F709A3600C9B4AF /* Resources */ = {
			isa = PBXResourcesBuildPhase;
			buildActionMask = 2147483647;
			files = (
				6D4D1DA11F709A3700C9B4AF /* LaunchScreen.storyboard in Resources */,
				6D4D1D9E1F709A3700C9B4AF /* Assets.xcassets in Resources */,
				6D4D1D9C1F709A3700C9B4AF /* Main.storyboard in Resources */,
			);
			runOnlyForDeploymentPostprocessing = 0;
		};
		6D4D1DA51F709A3A00C9B4AF /* Resources */ = {
			isa = PBXResourcesBuildPhase;
			buildActionMask = 2147483647;
			files = (
			);
			runOnlyForDeploymentPostprocessing = 0;
		};
/* End PBXResourcesBuildPhase section */

/* Begin PBXSourcesBuildPhase section */
		6D4D1D8F1F709A3600C9B4AF /* Sources */ = {
			isa = PBXSourcesBuildPhase;
			buildActionMask = 2147483647;
			files = (
				6D4D1D991F709A3600C9B4AF /* ViewController.swift in Sources */,
				6D4D1DB81F709AF600C9B4AF /* MJNIndexViewSwift.swift in Sources */,
				6D4D1D971F709A3600C9B4AF /* AppDelegate.swift in Sources */,
			);
			runOnlyForDeploymentPostprocessing = 0;
		};
		6D4D1DA31F709A3A00C9B4AF /* Sources */ = {
			isa = PBXSourcesBuildPhase;
			buildActionMask = 2147483647;
			files = (
				6D4D1DAC1F709A3A00C9B4AF /* MJNIndexViewSwiftUITests.swift in Sources */,
			);
			runOnlyForDeploymentPostprocessing = 0;
		};
/* End PBXSourcesBuildPhase section */

/* Begin PBXTargetDependency section */
		6D4D1DA91F709A3A00C9B4AF /* PBXTargetDependency */ = {
			isa = PBXTargetDependency;
			target = 6D4D1D921F709A3600C9B4AF /* MJNIndexViewSwift */;
			targetProxy = 6D4D1DA81F709A3A00C9B4AF /* PBXContainerItemProxy */;
		};
/* End PBXTargetDependency section */

/* Begin PBXVariantGroup section */
		6D4D1D9A1F709A3700C9B4AF /* Main.storyboard */ = {
			isa = PBXVariantGroup;
			children = (
				6D4D1D9B1F709A3700C9B4AF /* Base */,
			);
			name = Main.storyboard;
			sourceTree = "<group>";
		};
		6D4D1D9F1F709A3700C9B4AF /* LaunchScreen.storyboard */ = {
			isa = PBXVariantGroup;
			children = (
				6D4D1DA01F709A3700C9B4AF /* Base */,
			);
			name = LaunchScreen.storyboard;
			sourceTree = "<group>";
		};
/* End PBXVariantGroup section */

/* Begin XCBuildConfiguration section */
		6D4D1DAE1F709A3A00C9B4AF /* Debug */ = {
			isa = XCBuildConfiguration;
			buildSettings = {
				ALWAYS_SEARCH_USER_PATHS = NO;
				CLANG_ANALYZER_NONNULL = YES;
				CLANG_ANALYZER_NUMBER_OBJECT_CONVERSION = YES_AGGRESSIVE;
				CLANG_CXX_LANGUAGE_STANDARD = "gnu++0x";
				CLANG_CXX_LIBRARY = "libc++";
				CLANG_ENABLE_MODULES = YES;
				CLANG_ENABLE_OBJC_ARC = YES;
				CLANG_WARN_BOOL_CONVERSION = YES;
				CLANG_WARN_CONSTANT_CONVERSION = YES;
				CLANG_WARN_DIRECT_OBJC_ISA_USAGE = YES_ERROR;
				CLANG_WARN_DOCUMENTATION_COMMENTS = YES;
				CLANG_WARN_EMPTY_BODY = YES;
				CLANG_WARN_ENUM_CONVERSION = YES;
				CLANG_WARN_INFINITE_RECURSION = YES;
				CLANG_WARN_INT_CONVERSION = YES;
				CLANG_WARN_OBJC_ROOT_CLASS = YES_ERROR;
				CLANG_WARN_SUSPICIOUS_MOVE = YES;
				CLANG_WARN_UNREACHABLE_CODE = YES;
				CLANG_WARN__DUPLICATE_METHOD_MATCH = YES;
				"CODE_SIGN_IDENTITY[sdk=iphoneos*]" = "iPhone Developer";
				COPY_PHASE_STRIP = NO;
				DEBUG_INFORMATION_FORMAT = dwarf;
				ENABLE_STRICT_OBJC_MSGSEND = YES;
				ENABLE_TESTABILITY = YES;
				GCC_C_LANGUAGE_STANDARD = gnu99;
				GCC_DYNAMIC_NO_PIC = NO;
				GCC_NO_COMMON_BLOCKS = YES;
				GCC_OPTIMIZATION_LEVEL = 0;
				GCC_PREPROCESSOR_DEFINITIONS = (
					"DEBUG=1",
					"$(inherited)",
				);
				GCC_WARN_64_TO_32_BIT_CONVERSION = YES;
				GCC_WARN_ABOUT_RETURN_TYPE = YES_ERROR;
				GCC_WARN_UNDECLARED_SELECTOR = YES;
				GCC_WARN_UNINITIALIZED_AUTOS = YES_AGGRESSIVE;
				GCC_WARN_UNUSED_FUNCTION = YES;
				GCC_WARN_UNUSED_VARIABLE = YES;
				IPHONEOS_DEPLOYMENT_TARGET = 10.3;
				MTL_ENABLE_DEBUG_INFO = YES;
				ONLY_ACTIVE_ARCH = YES;
				SDKROOT = iphoneos;
				SWIFT_ACTIVE_COMPILATION_CONDITIONS = DEBUG;
				SWIFT_OPTIMIZATION_LEVEL = "-Onone";
				TARGETED_DEVICE_FAMILY = "1,2";
			};
			name = Debug;
		};
		6D4D1DAF1F709A3A00C9B4AF /* Release */ = {
			isa = XCBuildConfiguration;
			buildSettings = {
				ALWAYS_SEARCH_USER_PATHS = NO;
				CLANG_ANALYZER_NONNULL = YES;
				CLANG_ANALYZER_NUMBER_OBJECT_CONVERSION = YES_AGGRESSIVE;
				CLANG_CXX_LANGUAGE_STANDARD = "gnu++0x";
				CLANG_CXX_LIBRARY = "libc++";
				CLANG_ENABLE_MODULES = YES;
				CLANG_ENABLE_OBJC_ARC = YES;
				CLANG_WARN_BOOL_CONVERSION = YES;
				CLANG_WARN_CONSTANT_CONVERSION = YES;
				CLANG_WARN_DIRECT_OBJC_ISA_USAGE = YES_ERROR;
				CLANG_WARN_DOCUMENTATION_COMMENTS = YES;
				CLANG_WARN_EMPTY_BODY = YES;
				CLANG_WARN_ENUM_CONVERSION = YES;
				CLANG_WARN_INFINITE_RECURSION = YES;
				CLANG_WARN_INT_CONVERSION = YES;
				CLANG_WARN_OBJC_ROOT_CLASS = YES_ERROR;
				CLANG_WARN_SUSPICIOUS_MOVE = YES;
				CLANG_WARN_UNREACHABLE_CODE = YES;
				CLANG_WARN__DUPLICATE_METHOD_MATCH = YES;
				"CODE_SIGN_IDENTITY[sdk=iphoneos*]" = "iPhone Developer";
				COPY_PHASE_STRIP = NO;
				DEBUG_INFORMATION_FORMAT = "dwarf-with-dsym";
				ENABLE_NS_ASSERTIONS = NO;
				ENABLE_STRICT_OBJC_MSGSEND = YES;
				GCC_C_LANGUAGE_STANDARD = gnu99;
				GCC_NO_COMMON_BLOCKS = YES;
				GCC_WARN_64_TO_32_BIT_CONVERSION = YES;
				GCC_WARN_ABOUT_RETURN_TYPE = YES_ERROR;
				GCC_WARN_UNDECLARED_SELECTOR = YES;
				GCC_WARN_UNINITIALIZED_AUTOS = YES_AGGRESSIVE;
				GCC_WARN_UNUSED_FUNCTION = YES;
				GCC_WARN_UNUSED_VARIABLE = YES;
				IPHONEOS_DEPLOYMENT_TARGET = 10.3;
				MTL_ENABLE_DEBUG_INFO = NO;
				SDKROOT = iphoneos;
				SWIFT_OPTIMIZATION_LEVEL = "-Owholemodule";
				TARGETED_DEVICE_FAMILY = "1,2";
				VALIDATE_PRODUCT = YES;
			};
			name = Release;
		};
		6D4D1DB11F709A3A00C9B4AF /* Debug */ = {
			isa = XCBuildConfiguration;
			buildSettings = {
				ASSETCATALOG_COMPILER_APPICON_NAME = AppIcon;
				DEVELOPMENT_TEAM = WBAAXLQG52;
				INFOPLIST_FILE = MJNIndexViewSwift/Info.plist;
				LD_RUNPATH_SEARCH_PATHS = "$(inherited) @executable_path/Frameworks";
				PRODUCT_BUNDLE_IDENTIFIER = cn.vrv.MJNIndexViewSwift;
				PRODUCT_NAME = "$(TARGET_NAME)";
				SWIFT_VERSION = 3.0;
			};
			name = Debug;
		};
		6D4D1DB21F709A3A00C9B4AF /* Release */ = {
			isa = XCBuildConfiguration;
			buildSettings = {
				ASSETCATALOG_COMPILER_APPICON_NAME = AppIcon;
				DEVELOPMENT_TEAM = WBAAXLQG52;
				INFOPLIST_FILE = MJNIndexViewSwift/Info.plist;
				LD_RUNPATH_SEARCH_PATHS = "$(inherited) @executable_path/Frameworks";
				PRODUCT_BUNDLE_IDENTIFIER = cn.vrv.MJNIndexViewSwift;
				PRODUCT_NAME = "$(TARGET_NAME)";
				SWIFT_VERSION = 3.0;
			};
			name = Release;
		};
		6D4D1DB41F709A3A00C9B4AF /* Debug */ = {
			isa = XCBuildConfiguration;
			buildSettings = {
				ALWAYS_EMBED_SWIFT_STANDARD_LIBRARIES = YES;
				DEVELOPMENT_TEAM = WBAAXLQG52;
				INFOPLIST_FILE = MJNIndexViewSwiftUITests/Info.plist;
				LD_RUNPATH_SEARCH_PATHS = "$(inherited) @executable_path/Frameworks @loader_path/Frameworks";
				PRODUCT_BUNDLE_IDENTIFIER = cn.vrv.MJNIndexViewSwiftUITests;
				PRODUCT_NAME = "$(TARGET_NAME)";
				SWIFT_VERSION = 3.0;
				TEST_TARGET_NAME = MJNIndexViewSwift;
			};
			name = Debug;
		};
		6D4D1DB51F709A3A00C9B4AF /* Release */ = {
			isa = XCBuildConfiguration;
			buildSettings = {
				ALWAYS_EMBED_SWIFT_STANDARD_LIBRARIES = YES;
				DEVELOPMENT_TEAM = WBAAXLQG52;
				INFOPLIST_FILE = MJNIndexViewSwiftUITests/Info.plist;
				LD_RUNPATH_SEARCH_PATHS = "$(inherited) @executable_path/Frameworks @loader_path/Frameworks";
				PRODUCT_BUNDLE_IDENTIFIER = cn.vrv.MJNIndexViewSwiftUITests;
				PRODUCT_NAME = "$(TARGET_NAME)";
				SWIFT_VERSION = 3.0;
				TEST_TARGET_NAME = MJNIndexViewSwift;
			};
			name = Release;
		};
/* End XCBuildConfiguration section */

/* Begin XCConfigurationList section */
		6D4D1D8E1F709A3600C9B4AF /* Build configuration list for PBXProject "MJNIndexViewSwift" */ = {
			isa = XCConfigurationList;
			buildConfigurations = (
				6D4D1DAE1F709A3A00C9B4AF /* Debug */,
				6D4D1DAF1F709A3A00C9B4AF /* Release */,
			);
			defaultConfigurationIsVisible = 0;
			defaultConfigurationName = Release;
		};
		6D4D1DB01F709A3A00C9B4AF /* Build configuration list for PBXNativeTarget "MJNIndexViewSwift" */ = {
			isa = XCConfigurationList;
			buildConfigurations = (
				6D4D1DB11F709A3A00C9B4AF /* Debug */,
				6D4D1DB21F709A3A00C9B4AF /* Release */,
			);
			defaultConfigurationIsVisible = 0;
			defaultConfigurationName = Release;
		};
		6D4D1DB31F709A3A00C9B4AF /* Build configuration list for PBXNativeTarget "MJNIndexViewSwiftUITests" */ = {
			isa = XCConfigurationList;
			buildConfigurations = (
				6D4D1DB41F709A3A00C9B4AF /* Debug */,
				6D4D1DB51F709A3A00C9B4AF /* Release */,
			);
			defaultConfigurationIsVisible = 0;
			defaultConfigurationName = Release;
		};
/* End XCConfigurationList section */
	};
	rootObject = 6D4D1D8B1F709A3600C9B4AF /* Project object */;
}
